// !$*UTF8*$!
{
	archiveVersion = 1;
	classes = {
	};
	objectVersion = 55;
	objects = {

/* Begin PBXBuildFile section */
		10F84A8627C12F8E0003EB29 /* AppDelegate.swift in Sources */ = {isa = PBXBuildFile; fileRef = 10F84A8527C12F8E0003EB29 /* AppDelegate.swift */; };
		10F84A8827C12F8E0003EB29 /* SceneDelegate.swift in Sources */ = {isa = PBXBuildFile; fileRef = 10F84A8727C12F8E0003EB29 /* SceneDelegate.swift */; };
		10F84A8A27C12F8E0003EB29 /* ViewController.swift in Sources */ = {isa = PBXBuildFile; fileRef = 10F84A8927C12F8E0003EB29 /* ViewController.swift */; };
		10F84A8D27C12F8E0003EB29 /* Main.storyboard in Resources */ = {isa = PBXBuildFile; fileRef = 10F84A8B27C12F8E0003EB29 /* Main.storyboard */; };
		10F84A8F27C12F900003EB29 /* Assets.xcassets in Resources */ = {isa = PBXBuildFile; fileRef = 10F84A8E27C12F900003EB29 /* Assets.xcassets */; };
		10F84A9227C12F900003EB29 /* LaunchScreen.storyboard in Resources */ = {isa = PBXBuildFile; fileRef = 10F84A9027C12F900003EB29 /* LaunchScreen.storyboard */; };
		1833658127C77D9D00DD27D8 /* Poppins-Light.ttf in Resources */ = {isa = PBXBuildFile; fileRef = 1833656E27C77D9B00DD27D8 /* Poppins-Light.ttf */; };
		1833658227C77D9D00DD27D8 /* Poppins-MediumItalic.ttf in Resources */ = {isa = PBXBuildFile; fileRef = 1833656F27C77D9B00DD27D8 /* Poppins-MediumItalic.ttf */; };
		1833658327C77D9D00DD27D8 /* Poppins-Bold.ttf in Resources */ = {isa = PBXBuildFile; fileRef = 1833657027C77D9B00DD27D8 /* Poppins-Bold.ttf */; };
		1833658427C77D9D00DD27D8 /* Poppins-Italic.ttf in Resources */ = {isa = PBXBuildFile; fileRef = 1833657127C77D9B00DD27D8 /* Poppins-Italic.ttf */; };
		1833658527C77D9D00DD27D8 /* Poppins-ExtraBold.ttf in Resources */ = {isa = PBXBuildFile; fileRef = 1833657227C77D9B00DD27D8 /* Poppins-ExtraBold.ttf */; };
		1833658727C77D9D00DD27D8 /* Poppins-BoldItalic.ttf in Resources */ = {isa = PBXBuildFile; fileRef = 1833657427C77D9C00DD27D8 /* Poppins-BoldItalic.ttf */; };
		1833658827C77D9D00DD27D8 /* Poppins-ExtraLight.ttf in Resources */ = {isa = PBXBuildFile; fileRef = 1833657527C77D9C00DD27D8 /* Poppins-ExtraLight.ttf */; };
		1833658927C77D9D00DD27D8 /* Poppins-Medium.ttf in Resources */ = {isa = PBXBuildFile; fileRef = 1833657627C77D9C00DD27D8 /* Poppins-Medium.ttf */; };
		1833658A27C77D9D00DD27D8 /* Poppins-SemiBoldItalic.ttf in Resources */ = {isa = PBXBuildFile; fileRef = 1833657727C77D9C00DD27D8 /* Poppins-SemiBoldItalic.ttf */; };
		1833658B27C77D9D00DD27D8 /* Poppins-ThinItalic.ttf in Resources */ = {isa = PBXBuildFile; fileRef = 1833657827C77D9C00DD27D8 /* Poppins-ThinItalic.ttf */; };
		1833658C27C77D9D00DD27D8 /* Poppins-SemiBold.ttf in Resources */ = {isa = PBXBuildFile; fileRef = 1833657927C77D9C00DD27D8 /* Poppins-SemiBold.ttf */; };
		1833658D27C77D9D00DD27D8 /* Poppins-ExtraBoldItalic.ttf in Resources */ = {isa = PBXBuildFile; fileRef = 1833657A27C77D9C00DD27D8 /* Poppins-ExtraBoldItalic.ttf */; };
		1833658E27C77D9D00DD27D8 /* Poppins-Regular.ttf in Resources */ = {isa = PBXBuildFile; fileRef = 1833657B27C77D9C00DD27D8 /* Poppins-Regular.ttf */; };
		1833658F27C77D9D00DD27D8 /* Poppins-LightItalic.ttf in Resources */ = {isa = PBXBuildFile; fileRef = 1833657C27C77D9C00DD27D8 /* Poppins-LightItalic.ttf */; };
		1833659027C77D9D00DD27D8 /* Poppins-Thin.ttf in Resources */ = {isa = PBXBuildFile; fileRef = 1833657D27C77D9D00DD27D8 /* Poppins-Thin.ttf */; };
		1833659127C77D9D00DD27D8 /* Poppins-Black.ttf in Resources */ = {isa = PBXBuildFile; fileRef = 1833657E27C77D9D00DD27D8 /* Poppins-Black.ttf */; };
		1833659227C77D9D00DD27D8 /* Poppins-ExtraLightItalic.ttf in Resources */ = {isa = PBXBuildFile; fileRef = 1833657F27C77D9D00DD27D8 /* Poppins-ExtraLightItalic.ttf */; };
		1833659327C77D9D00DD27D8 /* Poppins-BlackItalic.ttf in Resources */ = {isa = PBXBuildFile; fileRef = 1833658027C77D9D00DD27D8 /* Poppins-BlackItalic.ttf */; };
		1833659A27C7A3C200DD27D8 /* Resource+Color.swift in Sources */ = {isa = PBXBuildFile; fileRef = 1833659927C7A3C200DD27D8 /* Resource+Color.swift */; };
		1833659C27C7A64900DD27D8 /* Resource+Font.swift in Sources */ = {isa = PBXBuildFile; fileRef = 1833659B27C7A64900DD27D8 /* Resource+Font.swift */; };
		1833659E27C7A6B500DD27D8 /* Resource+Image.swift in Sources */ = {isa = PBXBuildFile; fileRef = 1833659D27C7A6B500DD27D8 /* Resource+Image.swift */; };
		183365A027C7A8F500DD27D8 /* tick.svg in Resources */ = {isa = PBXBuildFile; fileRef = 1833659F27C7A8F500DD27D8 /* tick.svg */; };
		183365A227C7A97100DD27D8 /* RouteManager.swift in Sources */ = {isa = PBXBuildFile; fileRef = 183365A127C7A97100DD27D8 /* RouteManager.swift */; };
/* End PBXBuildFile section */

/* Begin PBXFileReference section */
		10F84A8227C12F8E0003EB29 /* FindPicture.app */ = {isa = PBXFileReference; explicitFileType = wrapper.application; includeInIndex = 0; path = FindPicture.app; sourceTree = BUILT_PRODUCTS_DIR; };
		10F84A8527C12F8E0003EB29 /* AppDelegate.swift */ = {isa = PBXFileReference; lastKnownFileType = sourcecode.swift; path = AppDelegate.swift; sourceTree = "<group>"; };
		10F84A8727C12F8E0003EB29 /* SceneDelegate.swift */ = {isa = PBXFileReference; lastKnownFileType = sourcecode.swift; path = SceneDelegate.swift; sourceTree = "<group>"; };
		10F84A8927C12F8E0003EB29 /* ViewController.swift */ = {isa = PBXFileReference; lastKnownFileType = sourcecode.swift; path = ViewController.swift; sourceTree = "<group>"; };
		10F84A8C27C12F8E0003EB29 /* Base */ = {isa = PBXFileReference; lastKnownFileType = file.storyboard; name = Base; path = Base.lproj/Main.storyboard; sourceTree = "<group>"; };
		10F84A8E27C12F900003EB29 /* Assets.xcassets */ = {isa = PBXFileReference; lastKnownFileType = folder.assetcatalog; path = Assets.xcassets; sourceTree = "<group>"; };
		10F84A9127C12F900003EB29 /* Base */ = {isa = PBXFileReference; lastKnownFileType = file.storyboard; name = Base; path = Base.lproj/LaunchScreen.storyboard; sourceTree = "<group>"; };
		10F84A9327C12F900003EB29 /* Info.plist */ = {isa = PBXFileReference; lastKnownFileType = text.plist.xml; path = Info.plist; sourceTree = "<group>"; };
		1833656E27C77D9B00DD27D8 /* Poppins-Light.ttf */ = {isa = PBXFileReference; lastKnownFileType = file; path = "Poppins-Light.ttf"; sourceTree = "<group>"; };
		1833656F27C77D9B00DD27D8 /* Poppins-MediumItalic.ttf */ = {isa = PBXFileReference; lastKnownFileType = file; path = "Poppins-MediumItalic.ttf"; sourceTree = "<group>"; };
		1833657027C77D9B00DD27D8 /* Poppins-Bold.ttf */ = {isa = PBXFileReference; lastKnownFileType = file; path = "Poppins-Bold.ttf"; sourceTree = "<group>"; };
		1833657127C77D9B00DD27D8 /* Poppins-Italic.ttf */ = {isa = PBXFileReference; lastKnownFileType = file; path = "Poppins-Italic.ttf"; sourceTree = "<group>"; };
		1833657227C77D9B00DD27D8 /* Poppins-ExtraBold.ttf */ = {isa = PBXFileReference; lastKnownFileType = file; path = "Poppins-ExtraBold.ttf"; sourceTree = "<group>"; };
		1833657427C77D9C00DD27D8 /* Poppins-BoldItalic.ttf */ = {isa = PBXFileReference; lastKnownFileType = file; path = "Poppins-BoldItalic.ttf"; sourceTree = "<group>"; };
		1833657527C77D9C00DD27D8 /* Poppins-ExtraLight.ttf */ = {isa = PBXFileReference; lastKnownFileType = file; path = "Poppins-ExtraLight.ttf"; sourceTree = "<group>"; };
		1833657627C77D9C00DD27D8 /* Poppins-Medium.ttf */ = {isa = PBXFileReference; lastKnownFileType = file; path = "Poppins-Medium.ttf"; sourceTree = "<group>"; };
		1833657727C77D9C00DD27D8 /* Poppins-SemiBoldItalic.ttf */ = {isa = PBXFileReference; lastKnownFileType = file; path = "Poppins-SemiBoldItalic.ttf"; sourceTree = "<group>"; };
		1833657827C77D9C00DD27D8 /* Poppins-ThinItalic.ttf */ = {isa = PBXFileReference; lastKnownFileType = file; path = "Poppins-ThinItalic.ttf"; sourceTree = "<group>"; };
		1833657927C77D9C00DD27D8 /* Poppins-SemiBold.ttf */ = {isa = PBXFileReference; lastKnownFileType = file; name = "Poppins-SemiBold.ttf"; path = "../../../../../Downloads/Poppins/Poppins-SemiBold.ttf"; sourceTree = "<group>"; };
		1833657A27C77D9C00DD27D8 /* Poppins-ExtraBoldItalic.ttf */ = {isa = PBXFileReference; lastKnownFileType = file; path = "Poppins-ExtraBoldItalic.ttf"; sourceTree = "<group>"; };
		1833657B27C77D9C00DD27D8 /* Poppins-Regular.ttf */ = {isa = PBXFileReference; lastKnownFileType = file; name = "Poppins-Regular.ttf"; path = "../../../../../Downloads/Poppins/Poppins-Regular.ttf"; sourceTree = "<group>"; };
		1833657C27C77D9C00DD27D8 /* Poppins-LightItalic.ttf */ = {isa = PBXFileReference; lastKnownFileType = file; path = "Poppins-LightItalic.ttf"; sourceTree = "<group>"; };
		1833657D27C77D9D00DD27D8 /* Poppins-Thin.ttf */ = {isa = PBXFileReference; lastKnownFileType = file; path = "Poppins-Thin.ttf"; sourceTree = "<group>"; };
		1833657E27C77D9D00DD27D8 /* Poppins-Black.ttf */ = {isa = PBXFileReference; lastKnownFileType = file; path = "Poppins-Black.ttf"; sourceTree = "<group>"; };
		1833657F27C77D9D00DD27D8 /* Poppins-ExtraLightItalic.ttf */ = {isa = PBXFileReference; lastKnownFileType = file; path = "Poppins-ExtraLightItalic.ttf"; sourceTree = "<group>"; };
		1833658027C77D9D00DD27D8 /* Poppins-BlackItalic.ttf */ = {isa = PBXFileReference; lastKnownFileType = file; path = "Poppins-BlackItalic.ttf"; sourceTree = "<group>"; };
		1833659927C7A3C200DD27D8 /* Resource+Color.swift */ = {isa = PBXFileReference; lastKnownFileType = sourcecode.swift; path = "Resource+Color.swift"; sourceTree = "<group>"; };
		1833659B27C7A64900DD27D8 /* Resource+Font.swift */ = {isa = PBXFileReference; lastKnownFileType = sourcecode.swift; path = "Resource+Font.swift"; sourceTree = "<group>"; };
		1833659D27C7A6B500DD27D8 /* Resource+Image.swift */ = {isa = PBXFileReference; lastKnownFileType = sourcecode.swift; path = "Resource+Image.swift"; sourceTree = "<group>"; };
		1833659F27C7A8F500DD27D8 /* tick.svg */ = {isa = PBXFileReference; fileEncoding = 4; lastKnownFileType = text; path = tick.svg; sourceTree = "<group>"; };
		183365A127C7A97100DD27D8 /* RouteManager.swift */ = {isa = PBXFileReference; lastKnownFileType = sourcecode.swift; path = RouteManager.swift; sourceTree = "<group>"; };
/* End PBXFileReference section */

/* Begin PBXFrameworksBuildPhase section */
		10F84A7F27C12F8E0003EB29 /* Frameworks */ = {
			isa = PBXFrameworksBuildPhase;
			buildActionMask = 2147483647;
			files = (
			);
			runOnlyForDeploymentPostprocessing = 0;
		};
/* End PBXFrameworksBuildPhase section */

/* Begin PBXGroup section */
		10F84A7927C12F8E0003EB29 = {
			isa = PBXGroup;
			children = (
				10F84A8427C12F8E0003EB29 /* FindPicture */,
				10F84A8327C12F8E0003EB29 /* Products */,
			);
			sourceTree = "<group>";
		};
		10F84A8327C12F8E0003EB29 /* Products */ = {
			isa = PBXGroup;
			children = (
				10F84A8227C12F8E0003EB29 /* FindPicture.app */,
			);
			name = Products;
			sourceTree = "<group>";
		};
		10F84A8427C12F8E0003EB29 /* FindPicture */ = {
			isa = PBXGroup;
			children = (
				183365A327C7A9A500DD27D8 /* ViewControllers */,
				1833659627C790EA00DD27D8 /* Manager */,
				1833659427C790BD00DD27D8 /* AppUtils */,
				10F84A8527C12F8E0003EB29 /* AppDelegate.swift */,
				10F84A8727C12F8E0003EB29 /* SceneDelegate.swift */,
				10F84A8927C12F8E0003EB29 /* ViewController.swift */,
				10F84A8B27C12F8E0003EB29 /* Main.storyboard */,
				10F84A8E27C12F900003EB29 /* Assets.xcassets */,
				1833659F27C7A8F500DD27D8 /* tick.svg */,
				1833656927C76DE300DD27D8 /* Fonts */,
				10F84A9027C12F900003EB29 /* LaunchScreen.storyboard */,
				10F84A9327C12F900003EB29 /* Info.plist */,
			);
			path = FindPicture;
			sourceTree = "<group>";
		};
		1833656927C76DE300DD27D8 /* Fonts */ = {
			isa = PBXGroup;
			children = (
				1833657E27C77D9D00DD27D8 /* Poppins-Black.ttf */,
				1833658027C77D9D00DD27D8 /* Poppins-BlackItalic.ttf */,
				1833657027C77D9B00DD27D8 /* Poppins-Bold.ttf */,
				1833657427C77D9C00DD27D8 /* Poppins-BoldItalic.ttf */,
				1833657227C77D9B00DD27D8 /* Poppins-ExtraBold.ttf */,
				1833657A27C77D9C00DD27D8 /* Poppins-ExtraBoldItalic.ttf */,
				1833657527C77D9C00DD27D8 /* Poppins-ExtraLight.ttf */,
				1833657F27C77D9D00DD27D8 /* Poppins-ExtraLightItalic.ttf */,
				1833657127C77D9B00DD27D8 /* Poppins-Italic.ttf */,
				1833656E27C77D9B00DD27D8 /* Poppins-Light.ttf */,
				1833657C27C77D9C00DD27D8 /* Poppins-LightItalic.ttf */,
				1833657627C77D9C00DD27D8 /* Poppins-Medium.ttf */,
				1833656F27C77D9B00DD27D8 /* Poppins-MediumItalic.ttf */,
				1833657B27C77D9C00DD27D8 /* Poppins-Regular.ttf */,
				1833657927C77D9C00DD27D8 /* Poppins-SemiBold.ttf */,
				1833657727C77D9C00DD27D8 /* Poppins-SemiBoldItalic.ttf */,
				1833657D27C77D9D00DD27D8 /* Poppins-Thin.ttf */,
				1833657827C77D9C00DD27D8 /* Poppins-ThinItalic.ttf */,
			);
			path = Fonts;
			sourceTree = "<group>";
		};
		1833659427C790BD00DD27D8 /* AppUtils */ = {
			isa = PBXGroup;
			children = (
				1833659927C7A3C200DD27D8 /* Resource+Color.swift */,
				1833659B27C7A64900DD27D8 /* Resource+Font.swift */,
				1833659D27C7A6B500DD27D8 /* Resource+Image.swift */,
			);
			path = AppUtils;
			sourceTree = "<group>";
		};
		1833659627C790EA00DD27D8 /* Manager */ = {
			isa = PBXGroup;
			children = (
				183365A127C7A97100DD27D8 /* RouteManager.swift */,
			);
			path = Manager;
			sourceTree = "<group>";
		};
		183365A327C7A9A500DD27D8 /* ViewControllers */ = {
			isa = PBXGroup;
			children = (
			);
			path = ViewControllers;
			sourceTree = "<group>";
		};
/* End PBXGroup section */

/* Begin PBXNativeTarget section */
		10F84A8127C12F8E0003EB29 /* FindPicture */ = {
			isa = PBXNativeTarget;
			buildConfigurationList = 10F84A9627C12F900003EB29 /* Build configuration list for PBXNativeTarget "FindPicture" */;
			buildPhases = (
				10F84A7E27C12F8E0003EB29 /* Sources */,
				10F84A7F27C12F8E0003EB29 /* Frameworks */,
				10F84A8027C12F8E0003EB29 /* Resources */,
			);
			buildRules = (
			);
			dependencies = (
			);
			name = FindPicture;
			productName = FindPicture;
			productReference = 10F84A8227C12F8E0003EB29 /* FindPicture.app */;
			productType = "com.apple.product-type.application";
		};
/* End PBXNativeTarget section */

/* Begin PBXProject section */
		10F84A7A27C12F8E0003EB29 /* Project object */ = {
			isa = PBXProject;
			attributes = {
				BuildIndependentTargetsInParallel = 1;
				LastSwiftUpdateCheck = 1320;
				LastUpgradeCheck = 1320;
				TargetAttributes = {
					10F84A8127C12F8E0003EB29 = {
						CreatedOnToolsVersion = 13.2.1;
					};
				};
			};
			buildConfigurationList = 10F84A7D27C12F8E0003EB29 /* Build configuration list for PBXProject "FindPicture" */;
			compatibilityVersion = "Xcode 13.0";
			developmentRegion = en;
			hasScannedForEncodings = 0;
			knownRegions = (
				en,
				Base,
			);
			mainGroup = 10F84A7927C12F8E0003EB29;
			productRefGroup = 10F84A8327C12F8E0003EB29 /* Products */;
			projectDirPath = "";
			projectRoot = "";
			targets = (
				10F84A8127C12F8E0003EB29 /* FindPicture */,
			);
		};
/* End PBXProject section */

/* Begin PBXResourcesBuildPhase section */
		10F84A8027C12F8E0003EB29 /* Resources */ = {
			isa = PBXResourcesBuildPhase;
			buildActionMask = 2147483647;
			files = (
				10F84A9227C12F900003EB29 /* LaunchScreen.storyboard in Resources */,
				1833658B27C77D9D00DD27D8 /* Poppins-ThinItalic.ttf in Resources */,
				1833658927C77D9D00DD27D8 /* Poppins-Medium.ttf in Resources */,
				183365A027C7A8F500DD27D8 /* tick.svg in Resources */,
				1833659327C77D9D00DD27D8 /* Poppins-BlackItalic.ttf in Resources */,
				1833658127C77D9D00DD27D8 /* Poppins-Light.ttf in Resources */,
				1833658727C77D9D00DD27D8 /* Poppins-BoldItalic.ttf in Resources */,
				1833658A27C77D9D00DD27D8 /* Poppins-SemiBoldItalic.ttf in Resources */,
				1833659127C77D9D00DD27D8 /* Poppins-Black.ttf in Resources */,
				1833658427C77D9D00DD27D8 /* Poppins-Italic.ttf in Resources */,
				1833658327C77D9D00DD27D8 /* Poppins-Bold.ttf in Resources */,
				10F84A8F27C12F900003EB29 /* Assets.xcassets in Resources */,
				1833658F27C77D9D00DD27D8 /* Poppins-LightItalic.ttf in Resources */,
				1833658527C77D9D00DD27D8 /* Poppins-ExtraBold.ttf in Resources */,
				1833658D27C77D9D00DD27D8 /* Poppins-ExtraBoldItalic.ttf in Resources */,
				10F84A8D27C12F8E0003EB29 /* Main.storyboard in Resources */,
				1833659027C77D9D00DD27D8 /* Poppins-Thin.ttf in Resources */,
				1833659227C77D9D00DD27D8 /* Poppins-ExtraLightItalic.ttf in Resources */,
				1833658227C77D9D00DD27D8 /* Poppins-MediumItalic.ttf in Resources */,
				1833658827C77D9D00DD27D8 /* Poppins-ExtraLight.ttf in Resources */,
				1833658E27C77D9D00DD27D8 /* Poppins-Regular.ttf in Resources */,
				1833658C27C77D9D00DD27D8 /* Poppins-SemiBold.ttf in Resources */,
			);
			runOnlyForDeploymentPostprocessing = 0;
		};
/* End PBXResourcesBuildPhase section */

/* Begin PBXSourcesBuildPhase section */
		10F84A7E27C12F8E0003EB29 /* Sources */ = {
			isa = PBXSourcesBuildPhase;
			buildActionMask = 2147483647;
			files = (
				10F84A8A27C12F8E0003EB29 /* ViewController.swift in Sources */,
				1833659A27C7A3C200DD27D8 /* Resource+Color.swift in Sources */,
				10F84A8627C12F8E0003EB29 /* AppDelegate.swift in Sources */,
				183365A227C7A97100DD27D8 /* RouteManager.swift in Sources */,
				10F84A8827C12F8E0003EB29 /* SceneDelegate.swift in Sources */,
				1833659C27C7A64900DD27D8 /* Resource+Font.swift in Sources */,
				1833659E27C7A6B500DD27D8 /* Resource+Image.swift in Sources */,
			);
			runOnlyForDeploymentPostprocessing = 0;
		};
/* End PBXSourcesBuildPhase section */

/* Begin PBXVariantGroup section */
		10F84A8B27C12F8E0003EB29 /* Main.storyboard */ = {
			isa = PBXVariantGroup;
			children = (
				10F84A8C27C12F8E0003EB29 /* Base */,
			);
			name = Main.storyboard;
			sourceTree = "<group>";
		};
		10F84A9027C12F900003EB29 /* LaunchScreen.storyboard */ = {
			isa = PBXVariantGroup;
			children = (
				10F84A9127C12F900003EB29 /* Base */,
			);
			name = LaunchScreen.storyboard;
			sourceTree = "<group>";
		};
/* End PBXVariantGroup section */

/* Begin XCBuildConfiguration section */
		10F84A9427C12F900003EB29 /* Debug */ = {
			isa = XCBuildConfiguration;
			buildSettings = {
				ALWAYS_SEARCH_USER_PATHS = NO;
				CLANG_ANALYZER_NONNULL = YES;
				CLANG_ANALYZER_NUMBER_OBJECT_CONVERSION = YES_AGGRESSIVE;
				CLANG_CXX_LANGUAGE_STANDARD = "gnu++17";
				CLANG_CXX_LIBRARY = "libc++";
				CLANG_ENABLE_MODULES = YES;
				CLANG_ENABLE_OBJC_ARC = YES;
				CLANG_ENABLE_OBJC_WEAK = YES;
				CLANG_WARN_BLOCK_CAPTURE_AUTORELEASING = YES;
				CLANG_WARN_BOOL_CONVERSION = YES;
				CLANG_WARN_COMMA = YES;
				CLANG_WARN_CONSTANT_CONVERSION = YES;
				CLANG_WARN_DEPRECATED_OBJC_IMPLEMENTATIONS = YES;
				CLANG_WARN_DIRECT_OBJC_ISA_USAGE = YES_ERROR;
				CLANG_WARN_DOCUMENTATION_COMMENTS = YES;
				CLANG_WARN_EMPTY_BODY = YES;
				CLANG_WARN_ENUM_CONVERSION = YES;
				CLANG_WARN_INFINITE_RECURSION = YES;
				CLANG_WARN_INT_CONVERSION = YES;
				CLANG_WARN_NON_LITERAL_NULL_CONVERSION = YES;
				CLANG_WARN_OBJC_IMPLICIT_RETAIN_SELF = YES;
				CLANG_WARN_OBJC_LITERAL_CONVERSION = YES;
				CLANG_WARN_OBJC_ROOT_CLASS = YES_ERROR;
				CLANG_WARN_QUOTED_INCLUDE_IN_FRAMEWORK_HEADER = YES;
				CLANG_WARN_RANGE_LOOP_ANALYSIS = YES;
				CLANG_WARN_STRICT_PROTOTYPES = YES;
				CLANG_WARN_SUSPICIOUS_MOVE = YES;
				CLANG_WARN_UNGUARDED_AVAILABILITY = YES_AGGRESSIVE;
				CLANG_WARN_UNREACHABLE_CODE = YES;
				CLANG_WARN__DUPLICATE_METHOD_MATCH = YES;
				COPY_PHASE_STRIP = NO;
				DEBUG_INFORMATION_FORMAT = dwarf;
				ENABLE_STRICT_OBJC_MSGSEND = YES;
				ENABLE_TESTABILITY = YES;
				GCC_C_LANGUAGE_STANDARD = gnu11;
				GCC_DYNAMIC_NO_PIC = NO;
				GCC_NO_COMMON_BLOCKS = YES;
				GCC_OPTIMIZATION_LEVEL = 0;
				GCC_PREPROCESSOR_DEFINITIONS = (
					"DEBUG=1",
					"$(inherited)",
				);
				GCC_WARN_64_TO_32_BIT_CONVERSION = YES;
				GCC_WARN_ABOUT_RETURN_TYPE = YES_ERROR;
				GCC_WARN_UNDECLARED_SELECTOR = YES;
				GCC_WARN_UNINITIALIZED_AUTOS = YES_AGGRESSIVE;
				GCC_WARN_UNUSED_FUNCTION = YES;
				GCC_WARN_UNUSED_VARIABLE = YES;
				IPHONEOS_DEPLOYMENT_TARGET = 15.2;
				MTL_ENABLE_DEBUG_INFO = INCLUDE_SOURCE;
				MTL_FAST_MATH = YES;
				ONLY_ACTIVE_ARCH = YES;
				SDKROOT = iphoneos;
				SWIFT_ACTIVE_COMPILATION_CONDITIONS = DEBUG;
				SWIFT_OPTIMIZATION_LEVEL = "-Onone";
			};
			name = Debug;
		};
		10F84A9527C12F900003EB29 /* Release */ = {
			isa = XCBuildConfiguration;
			buildSettings = {
				ALWAYS_SEARCH_USER_PATHS = NO;
				CLANG_ANALYZER_NONNULL = YES;
				CLANG_ANALYZER_NUMBER_OBJECT_CONVERSION = YES_AGGRESSIVE;
				CLANG_CXX_LANGUAGE_STANDARD = "gnu++17";
				CLANG_CXX_LIBRARY = "libc++";
				CLANG_ENABLE_MODULES = YES;
				CLANG_ENABLE_OBJC_ARC = YES;
				CLANG_ENABLE_OBJC_WEAK = YES;
				CLANG_WARN_BLOCK_CAPTURE_AUTORELEASING = YES;
				CLANG_WARN_BOOL_CONVERSION = YES;
				CLANG_WARN_COMMA = YES;
				CLANG_WARN_CONSTANT_CONVERSION = YES;
				CLANG_WARN_DEPRECATED_OBJC_IMPLEMENTATIONS = YES;
				CLANG_WARN_DIRECT_OBJC_ISA_USAGE = YES_ERROR;
				CLANG_WARN_DOCUMENTATION_COMMENTS = YES;
				CLANG_WARN_EMPTY_BODY = YES;
				CLANG_WARN_ENUM_CONVERSION = YES;
				CLANG_WARN_INFINITE_RECURSION = YES;
				CLANG_WARN_INT_CONVERSION = YES;
				CLANG_WARN_NON_LITERAL_NULL_CONVERSION = YES;
				CLANG_WARN_OBJC_IMPLICIT_RETAIN_SELF = YES;
				CLANG_WARN_OBJC_LITERAL_CONVERSION = YES;
				CLANG_WARN_OBJC_ROOT_CLASS = YES_ERROR;
				CLANG_WARN_QUOTED_INCLUDE_IN_FRAMEWORK_HEADER = YES;
				CLANG_WARN_RANGE_LOOP_ANALYSIS = YES;
				CLANG_WARN_STRICT_PROTOTYPES = YES;
				CLANG_WARN_SUSPICIOUS_MOVE = YES;
				CLANG_WARN_UNGUARDED_AVAILABILITY = YES_AGGRESSIVE;
				CLANG_WARN_UNREACHABLE_CODE = YES;
				CLANG_WARN__DUPLICATE_METHOD_MATCH = YES;
				COPY_PHASE_STRIP = NO;
				DEBUG_INFORMATION_FORMAT = "dwarf-with-dsym";
				ENABLE_NS_ASSERTIONS = NO;
				ENABLE_STRICT_OBJC_MSGSEND = YES;
				GCC_C_LANGUAGE_STANDARD = gnu11;
				GCC_NO_COMMON_BLOCKS = YES;
				GCC_WARN_64_TO_32_BIT_CONVERSION = YES;
				GCC_WARN_ABOUT_RETURN_TYPE = YES_ERROR;
				GCC_WARN_UNDECLARED_SELECTOR = YES;
				GCC_WARN_UNINITIALIZED_AUTOS = YES_AGGRESSIVE;
				GCC_WARN_UNUSED_FUNCTION = YES;
				GCC_WARN_UNUSED_VARIABLE = YES;
				IPHONEOS_DEPLOYMENT_TARGET = 15.2;
				MTL_ENABLE_DEBUG_INFO = NO;
				MTL_FAST_MATH = YES;
				SDKROOT = iphoneos;
				SWIFT_COMPILATION_MODE = wholemodule;
				SWIFT_OPTIMIZATION_LEVEL = "-O";
				VALIDATE_PRODUCT = YES;
			};
			name = Release;
		};
		10F84A9727C12F900003EB29 /* Debug */ = {
			isa = XCBuildConfiguration;
			buildSettings = {
				ASSETCATALOG_COMPILER_APPICON_NAME = AppIcon;
				ASSETCATALOG_COMPILER_GLOBAL_ACCENT_COLOR_NAME = AccentColor;
				ASSETCATALOG_COMPILER_INCLUDE_ALL_APPICON_ASSETS = YES;
				CODE_SIGN_STYLE = Automatic;
				CURRENT_PROJECT_VERSION = 1;
				GENERATE_INFOPLIST_FILE = YES;
				INFOPLIST_FILE = FindPicture/Info.plist;
				INFOPLIST_KEY_UIApplicationSupportsIndirectInputEvents = YES;
				INFOPLIST_KEY_UILaunchStoryboardName = LaunchScreen;
				INFOPLIST_KEY_UIMainStoryboardFile = Main;
				INFOPLIST_KEY_UISupportedInterfaceOrientations = UIInterfaceOrientationPortrait;
				INFOPLIST_KEY_UISupportedInterfaceOrientations_iPad = "UIInterfaceOrientationPortrait UIInterfaceOrientationPortraitUpsideDown UIInterfaceOrientationLandscapeLeft UIInterfaceOrientationLandscapeRight";
				INFOPLIST_KEY_UISupportedInterfaceOrientations_iPhone = "UIInterfaceOrientationPortrait UIInterfaceOrientationLandscapeLeft UIInterfaceOrientationLandscapeRight";
				LD_RUNPATH_SEARCH_PATHS = (
					"$(inherited)",
					"@executable_path/Frameworks",
				);
				MARKETING_VERSION = 1.0;
				PRODUCT_BUNDLE_IDENTIFIER = com.zakatiwana.traning.FindPicture;
				PRODUCT_NAME = "$(TARGET_NAME)";
				SWIFT_EMIT_LOC_STRINGS = YES;
				SWIFT_VERSION = 5.0;
				TARGETED_DEVICE_FAMILY = 1;
			};
			name = Debug;
		};
		10F84A9827C12F900003EB29 /* Release */ = {
			isa = XCBuildConfiguration;
			buildSettings = {
				ASSETCATALOG_COMPILER_APPICON_NAME = AppIcon;
				ASSETCATALOG_COMPILER_GLOBAL_ACCENT_COLOR_NAME = AccentColor;
				ASSETCATALOG_COMPILER_INCLUDE_ALL_APPICON_ASSETS = YES;
				CODE_SIGN_STYLE = Automatic;
				CURRENT_PROJECT_VERSION = 1;
				GENERATE_INFOPLIST_FILE = YES;
				INFOPLIST_FILE = FindPicture/Info.plist;
				INFOPLIST_KEY_UIApplicationSupportsIndirectInputEvents = YES;
				INFOPLIST_KEY_UILaunchStoryboardName = LaunchScreen;
				INFOPLIST_KEY_UIMainStoryboardFile = Main;
				INFOPLIST_KEY_UISupportedInterfaceOrientations = UIInterfaceOrientationPortrait;
				INFOPLIST_KEY_UISupportedInterfaceOrientations_iPad = "UIInterfaceOrientationPortrait UIInterfaceOrientationPortraitUpsideDown UIInterfaceOrientationLandscapeLeft UIInterfaceOrientationLandscapeRight";
				INFOPLIST_KEY_UISupportedInterfaceOrientations_iPhone = "UIInterfaceOrientationPortrait UIInterfaceOrientationLandscapeLeft UIInterfaceOrientationLandscapeRight";
				LD_RUNPATH_SEARCH_PATHS = (
					"$(inherited)",
					"@executable_path/Frameworks",
				);
				MARKETING_VERSION = 1.0;
				PRODUCT_BUNDLE_IDENTIFIER = com.zakatiwana.traning.FindPicture;
				PRODUCT_NAME = "$(TARGET_NAME)";
				SWIFT_EMIT_LOC_STRINGS = YES;
				SWIFT_VERSION = 5.0;
				TARGETED_DEVICE_FAMILY = 1;
			};
			name = Release;
		};
/* End XCBuildConfiguration section */

/* Begin XCConfigurationList section */
		10F84A7D27C12F8E0003EB29 /* Build configuration list for PBXProject "FindPicture" */ = {
			isa = XCConfigurationList;
			buildConfigurations = (
				10F84A9427C12F900003EB29 /* Debug */,
				10F84A9527C12F900003EB29 /* Release */,
			);
			defaultConfigurationIsVisible = 0;
			defaultConfigurationName = Release;
		};
		10F84A9627C12F900003EB29 /* Build configuration list for PBXNativeTarget "FindPicture" */ = {
			isa = XCConfigurationList;
			buildConfigurations = (
				10F84A9727C12F900003EB29 /* Debug */,
				10F84A9827C12F900003EB29 /* Release */,
			);
			defaultConfigurationIsVisible = 0;
			defaultConfigurationName = Release;
		};
/* End XCConfigurationList section */
	};
	rootObject = 10F84A7A27C12F8E0003EB29 /* Project object */;
}
