// !$*UTF8*$!
{
	archiveVersion = 1;
	classes = {
	};
	objectVersion = 55;
	objects = {

/* Begin PBXBuildFile section */
		10C8073027C752C4006E6243 /* Resources+Font.swift in Sources */ = {isa = PBXBuildFile; fileRef = 10C8072D27C752C4006E6243 /* Resources+Font.swift */; };
		10C8073127C752C4006E6243 /* Resources+Image.swift in Sources */ = {isa = PBXBuildFile; fileRef = 10C8072E27C752C4006E6243 /* Resources+Image.swift */; };
		10C8073227C752C4006E6243 /* Resources+Color.swift in Sources */ = {isa = PBXBuildFile; fileRef = 10C8072F27C752C4006E6243 /* Resources+Color.swift */; };
		10C8073527C756A4006E6243 /* RouteManager.swift in Sources */ = {isa = PBXBuildFile; fileRef = 10C8073427C756A4006E6243 /* RouteManager.swift */; };
		10C8073827C75CAB006E6243 /* Poppins-SemiBold.ttf in Resources */ = {isa = PBXBuildFile; fileRef = 10C8073627C75CAB006E6243 /* Poppins-SemiBold.ttf */; };
		10C8073927C75CAB006E6243 /* Poppins-Regular.ttf in Resources */ = {isa = PBXBuildFile; fileRef = 10C8073727C75CAB006E6243 /* Poppins-Regular.ttf */; };
		10C8073C27C760DE006E6243 /* BaseViewController.swift in Sources */ = {isa = PBXBuildFile; fileRef = 10C8073B27C760DE006E6243 /* BaseViewController.swift */; };
		10C8073F27C76127006E6243 /* OnBoarding.storyboard in Resources */ = {isa = PBXBuildFile; fileRef = 10C8073E27C76127006E6243 /* OnBoarding.storyboard */; };
		10C8074127C76144006E6243 /* OnBoardingViewController.swift in Sources */ = {isa = PBXBuildFile; fileRef = 10C8074027C76144006E6243 /* OnBoardingViewController.swift */; };
		10F84A8627C12F8E0003EB29 /* AppDelegate.swift in Sources */ = {isa = PBXBuildFile; fileRef = 10F84A8527C12F8E0003EB29 /* AppDelegate.swift */; };
		10F84A8827C12F8E0003EB29 /* SceneDelegate.swift in Sources */ = {isa = PBXBuildFile; fileRef = 10F84A8727C12F8E0003EB29 /* SceneDelegate.swift */; };
		10F84A8A27C12F8E0003EB29 /* ViewController.swift in Sources */ = {isa = PBXBuildFile; fileRef = 10F84A8927C12F8E0003EB29 /* ViewController.swift */; };
		10F84A8D27C12F8E0003EB29 /* Main.storyboard in Resources */ = {isa = PBXBuildFile; fileRef = 10F84A8B27C12F8E0003EB29 /* Main.storyboard */; };
		10F84A8F27C12F900003EB29 /* Assets.xcassets in Resources */ = {isa = PBXBuildFile; fileRef = 10F84A8E27C12F900003EB29 /* Assets.xcassets */; };
		10F84A9227C12F900003EB29 /* LaunchScreen.storyboard in Resources */ = {isa = PBXBuildFile; fileRef = 10F84A9027C12F900003EB29 /* LaunchScreen.storyboard */; };
/* End PBXBuildFile section */

/* Begin PBXFileReference section */
		10C8072D27C752C4006E6243 /* Resources+Font.swift */ = {isa = PBXFileReference; fileEncoding = 4; lastKnownFileType = sourcecode.swift; path = "Resources+Font.swift"; sourceTree = "<group>"; };
		10C8072E27C752C4006E6243 /* Resources+Image.swift */ = {isa = PBXFileReference; fileEncoding = 4; lastKnownFileType = sourcecode.swift; path = "Resources+Image.swift"; sourceTree = "<group>"; };
		10C8072F27C752C4006E6243 /* Resources+Color.swift */ = {isa = PBXFileReference; fileEncoding = 4; lastKnownFileType = sourcecode.swift; path = "Resources+Color.swift"; sourceTree = "<group>"; };
		10C8073427C756A4006E6243 /* RouteManager.swift */ = {isa = PBXFileReference; lastKnownFileType = sourcecode.swift; path = RouteManager.swift; sourceTree = "<group>"; };
		10C8073627C75CAB006E6243 /* Poppins-SemiBold.ttf */ = {isa = PBXFileReference; lastKnownFileType = file; path = "Poppins-SemiBold.ttf"; sourceTree = "<group>"; };
		10C8073727C75CAB006E6243 /* Poppins-Regular.ttf */ = {isa = PBXFileReference; lastKnownFileType = file; path = "Poppins-Regular.ttf"; sourceTree = "<group>"; };
		10C8073B27C760DE006E6243 /* BaseViewController.swift */ = {isa = PBXFileReference; lastKnownFileType = sourcecode.swift; path = BaseViewController.swift; sourceTree = "<group>"; };
		10C8073E27C76127006E6243 /* OnBoarding.storyboard */ = {isa = PBXFileReference; lastKnownFileType = file.storyboard; path = OnBoarding.storyboard; sourceTree = "<group>"; };
		10C8074027C76144006E6243 /* OnBoardingViewController.swift */ = {isa = PBXFileReference; lastKnownFileType = sourcecode.swift; path = OnBoardingViewController.swift; sourceTree = "<group>"; };
		10F84A8227C12F8E0003EB29 /* FindPicture.app */ = {isa = PBXFileReference; explicitFileType = wrapper.application; includeInIndex = 0; path = FindPicture.app; sourceTree = BUILT_PRODUCTS_DIR; };
		10F84A8527C12F8E0003EB29 /* AppDelegate.swift */ = {isa = PBXFileReference; lastKnownFileType = sourcecode.swift; path = AppDelegate.swift; sourceTree = "<group>"; };
		10F84A8727C12F8E0003EB29 /* SceneDelegate.swift */ = {isa = PBXFileReference; lastKnownFileType = sourcecode.swift; path = SceneDelegate.swift; sourceTree = "<group>"; };
		10F84A8927C12F8E0003EB29 /* ViewController.swift */ = {isa = PBXFileReference; lastKnownFileType = sourcecode.swift; path = ViewController.swift; sourceTree = "<group>"; };
		10F84A8C27C12F8E0003EB29 /* Base */ = {isa = PBXFileReference; lastKnownFileType = file.storyboard; name = Base; path = Base.lproj/Main.storyboard; sourceTree = "<group>"; };
		10F84A8E27C12F900003EB29 /* Assets.xcassets */ = {isa = PBXFileReference; lastKnownFileType = folder.assetcatalog; path = Assets.xcassets; sourceTree = "<group>"; };
		10F84A9127C12F900003EB29 /* Base */ = {isa = PBXFileReference; lastKnownFileType = file.storyboard; name = Base; path = Base.lproj/LaunchScreen.storyboard; sourceTree = "<group>"; };
		10F84A9327C12F900003EB29 /* Info.plist */ = {isa = PBXFileReference; lastKnownFileType = text.plist.xml; path = Info.plist; sourceTree = "<group>"; };
/* End PBXFileReference section */

/* Begin PBXFrameworksBuildPhase section */
		10F84A7F27C12F8E0003EB29 /* Frameworks */ = {
			isa = PBXFrameworksBuildPhase;
			buildActionMask = 2147483647;
			files = (
			);
			runOnlyForDeploymentPostprocessing = 0;
		};
/* End PBXFrameworksBuildPhase section */

/* Begin PBXGroup section */
		10C8072A27C751CA006E6243 /* Resources */ = {
			isa = PBXGroup;
			children = (
				10F84A8E27C12F900003EB29 /* Assets.xcassets */,
				10C8072B27C751D9006E6243 /* fonts */,
			);
			path = Resources;
			sourceTree = "<group>";
		};
		10C8072B27C751D9006E6243 /* fonts */ = {
			isa = PBXGroup;
			children = (
				10C8073727C75CAB006E6243 /* Poppins-Regular.ttf */,
				10C8073627C75CAB006E6243 /* Poppins-SemiBold.ttf */,
			);
			path = fonts;
			sourceTree = "<group>";
		};
		10C8072C27C7528E006E6243 /* AppUtils */ = {
			isa = PBXGroup;
			children = (
				10C8072F27C752C4006E6243 /* Resources+Color.swift */,
				10C8072D27C752C4006E6243 /* Resources+Font.swift */,
				10C8072E27C752C4006E6243 /* Resources+Image.swift */,
			);
			path = AppUtils;
			sourceTree = "<group>";
		};
		10C8073327C75687006E6243 /* Manager */ = {
			isa = PBXGroup;
			children = (
				10C8073427C756A4006E6243 /* RouteManager.swift */,
			);
			path = Manager;
			sourceTree = "<group>";
		};
		10C8073A27C760BA006E6243 /* Controllers */ = {
			isa = PBXGroup;
			children = (
				10C8073D27C760FB006E6243 /* Onboarding */,
				10C8073B27C760DE006E6243 /* BaseViewController.swift */,
			);
			path = Controllers;
			sourceTree = "<group>";
		};
		10C8073D27C760FB006E6243 /* Onboarding */ = {
			isa = PBXGroup;
			children = (
				10C8073E27C76127006E6243 /* OnBoarding.storyboard */,
				10C8074027C76144006E6243 /* OnBoardingViewController.swift */,
			);
			path = Onboarding;
			sourceTree = "<group>";
		};
		10F84A7927C12F8E0003EB29 = {
			isa = PBXGroup;
			children = (
				10F84A8427C12F8E0003EB29 /* FindPicture */,
				10F84A8327C12F8E0003EB29 /* Products */,
			);
			sourceTree = "<group>";
		};
		10F84A8327C12F8E0003EB29 /* Products */ = {
			isa = PBXGroup;
			children = (
				10F84A8227C12F8E0003EB29 /* FindPicture.app */,
			);
			name = Products;
			sourceTree = "<group>";
		};
		10F84A8427C12F8E0003EB29 /* FindPicture */ = {
			isa = PBXGroup;
			children = (
				10C8073A27C760BA006E6243 /* Controllers */,
				10C8073327C75687006E6243 /* Manager */,
				10C8072C27C7528E006E6243 /* AppUtils */,
				10C8072A27C751CA006E6243 /* Resources */,
				10F84A8527C12F8E0003EB29 /* AppDelegate.swift */,
				10F84A8727C12F8E0003EB29 /* SceneDelegate.swift */,
				10F84A8927C12F8E0003EB29 /* ViewController.swift */,
				10F84A8B27C12F8E0003EB29 /* Main.storyboard */,
				10F84A9027C12F900003EB29 /* LaunchScreen.storyboard */,
				10F84A9327C12F900003EB29 /* Info.plist */,
			);
			path = FindPicture;
			sourceTree = "<group>";
		};
/* End PBXGroup section */

/* Begin PBXNativeTarget section */
		10F84A8127C12F8E0003EB29 /* FindPicture */ = {
			isa = PBXNativeTarget;
			buildConfigurationList = 10F84A9627C12F900003EB29 /* Build configuration list for PBXNativeTarget "FindPicture" */;
			buildPhases = (
				10F84A7E27C12F8E0003EB29 /* Sources */,
				10F84A7F27C12F8E0003EB29 /* Frameworks */,
				10F84A8027C12F8E0003EB29 /* Resources */,
			);
			buildRules = (
			);
			dependencies = (
			);
			name = FindPicture;
			productName = FindPicture;
			productReference = 10F84A8227C12F8E0003EB29 /* FindPicture.app */;
			productType = "com.apple.product-type.application";
		};
/* End PBXNativeTarget section */

/* Begin PBXProject section */
		10F84A7A27C12F8E0003EB29 /* Project object */ = {
			isa = PBXProject;
			attributes = {
				BuildIndependentTargetsInParallel = 1;
				LastSwiftUpdateCheck = 1320;
				LastUpgradeCheck = 1320;
				TargetAttributes = {
					10F84A8127C12F8E0003EB29 = {
						CreatedOnToolsVersion = 13.2.1;
					};
				};
			};
			buildConfigurationList = 10F84A7D27C12F8E0003EB29 /* Build configuration list for PBXProject "FindPicture" */;
			compatibilityVersion = "Xcode 13.0";
			developmentRegion = en;
			hasScannedForEncodings = 0;
			knownRegions = (
				en,
				Base,
			);
			mainGroup = 10F84A7927C12F8E0003EB29;
			productRefGroup = 10F84A8327C12F8E0003EB29 /* Products */;
			projectDirPath = "";
			projectRoot = "";
			targets = (
				10F84A8127C12F8E0003EB29 /* FindPicture */,
			);
		};
/* End PBXProject section */

/* Begin PBXResourcesBuildPhase section */
		10F84A8027C12F8E0003EB29 /* Resources */ = {
			isa = PBXResourcesBuildPhase;
			buildActionMask = 2147483647;
			files = (
				10F84A9227C12F900003EB29 /* LaunchScreen.storyboard in Resources */,
				10C8073827C75CAB006E6243 /* Poppins-SemiBold.ttf in Resources */,
				10F84A8F27C12F900003EB29 /* Assets.xcassets in Resources */,
				10F84A8D27C12F8E0003EB29 /* Main.storyboard in Resources */,
				10C8073927C75CAB006E6243 /* Poppins-Regular.ttf in Resources */,
				10C8073F27C76127006E6243 /* OnBoarding.storyboard in Resources */,
			);
			runOnlyForDeploymentPostprocessing = 0;
		};
/* End PBXResourcesBuildPhase section */

/* Begin PBXSourcesBuildPhase section */
		10F84A7E27C12F8E0003EB29 /* Sources */ = {
			isa = PBXSourcesBuildPhase;
			buildActionMask = 2147483647;
			files = (
				10C8073027C752C4006E6243 /* Resources+Font.swift in Sources */,
				10F84A8A27C12F8E0003EB29 /* ViewController.swift in Sources */,
				10F84A8627C12F8E0003EB29 /* AppDelegate.swift in Sources */,
				10C8073127C752C4006E6243 /* Resources+Image.swift in Sources */,
				10C8074127C76144006E6243 /* OnBoardingViewController.swift in Sources */,
				10F84A8827C12F8E0003EB29 /* SceneDelegate.swift in Sources */,
				10C8073C27C760DE006E6243 /* BaseViewController.swift in Sources */,
				10C8073527C756A4006E6243 /* RouteManager.swift in Sources */,
				10C8073227C752C4006E6243 /* Resources+Color.swift in Sources */,
			);
			runOnlyForDeploymentPostprocessing = 0;
		};
/* End PBXSourcesBuildPhase section */

/* Begin PBXVariantGroup section */
		10F84A8B27C12F8E0003EB29 /* Main.storyboard */ = {
			isa = PBXVariantGroup;
			children = (
				10F84A8C27C12F8E0003EB29 /* Base */,
			);
			name = Main.storyboard;
			sourceTree = "<group>";
		};
		10F84A9027C12F900003EB29 /* LaunchScreen.storyboard */ = {
			isa = PBXVariantGroup;
			children = (
				10F84A9127C12F900003EB29 /* Base */,
			);
			name = LaunchScreen.storyboard;
			sourceTree = "<group>";
		};
/* End PBXVariantGroup section */

/* Begin XCBuildConfiguration section */
		10F84A9427C12F900003EB29 /* Debug */ = {
			isa = XCBuildConfiguration;
			buildSettings = {
				ALWAYS_SEARCH_USER_PATHS = NO;
				CLANG_ANALYZER_NONNULL = YES;
				CLANG_ANALYZER_NUMBER_OBJECT_CONVERSION = YES_AGGRESSIVE;
				CLANG_CXX_LANGUAGE_STANDARD = "gnu++17";
				CLANG_CXX_LIBRARY = "libc++";
				CLANG_ENABLE_MODULES = YES;
				CLANG_ENABLE_OBJC_ARC = YES;
				CLANG_ENABLE_OBJC_WEAK = YES;
				CLANG_WARN_BLOCK_CAPTURE_AUTORELEASING = YES;
				CLANG_WARN_BOOL_CONVERSION = YES;
				CLANG_WARN_COMMA = YES;
				CLANG_WARN_CONSTANT_CONVERSION = YES;
				CLANG_WARN_DEPRECATED_OBJC_IMPLEMENTATIONS = YES;
				CLANG_WARN_DIRECT_OBJC_ISA_USAGE = YES_ERROR;
				CLANG_WARN_DOCUMENTATION_COMMENTS = YES;
				CLANG_WARN_EMPTY_BODY = YES;
				CLANG_WARN_ENUM_CONVERSION = YES;
				CLANG_WARN_INFINITE_RECURSION = YES;
				CLANG_WARN_INT_CONVERSION = YES;
				CLANG_WARN_NON_LITERAL_NULL_CONVERSION = YES;
				CLANG_WARN_OBJC_IMPLICIT_RETAIN_SELF = YES;
				CLANG_WARN_OBJC_LITERAL_CONVERSION = YES;
				CLANG_WARN_OBJC_ROOT_CLASS = YES_ERROR;
				CLANG_WARN_QUOTED_INCLUDE_IN_FRAMEWORK_HEADER = YES;
				CLANG_WARN_RANGE_LOOP_ANALYSIS = YES;
				CLANG_WARN_STRICT_PROTOTYPES = YES;
				CLANG_WARN_SUSPICIOUS_MOVE = YES;
				CLANG_WARN_UNGUARDED_AVAILABILITY = YES_AGGRESSIVE;
				CLANG_WARN_UNREACHABLE_CODE = YES;
				CLANG_WARN__DUPLICATE_METHOD_MATCH = YES;
				COPY_PHASE_STRIP = NO;
				DEBUG_INFORMATION_FORMAT = dwarf;
				ENABLE_STRICT_OBJC_MSGSEND = YES;
				ENABLE_TESTABILITY = YES;
				GCC_C_LANGUAGE_STANDARD = gnu11;
				GCC_DYNAMIC_NO_PIC = NO;
				GCC_NO_COMMON_BLOCKS = YES;
				GCC_OPTIMIZATION_LEVEL = 0;
				GCC_PREPROCESSOR_DEFINITIONS = (
					"DEBUG=1",
					"$(inherited)",
				);
				GCC_WARN_64_TO_32_BIT_CONVERSION = YES;
				GCC_WARN_ABOUT_RETURN_TYPE = YES_ERROR;
				GCC_WARN_UNDECLARED_SELECTOR = YES;
				GCC_WARN_UNINITIALIZED_AUTOS = YES_AGGRESSIVE;
				GCC_WARN_UNUSED_FUNCTION = YES;
				GCC_WARN_UNUSED_VARIABLE = YES;
				IPHONEOS_DEPLOYMENT_TARGET = 15.2;
				MTL_ENABLE_DEBUG_INFO = INCLUDE_SOURCE;
				MTL_FAST_MATH = YES;
				ONLY_ACTIVE_ARCH = YES;
				SDKROOT = iphoneos;
				SWIFT_ACTIVE_COMPILATION_CONDITIONS = DEBUG;
				SWIFT_OPTIMIZATION_LEVEL = "-Onone";
			};
			name = Debug;
		};
		10F84A9527C12F900003EB29 /* Release */ = {
			isa = XCBuildConfiguration;
			buildSettings = {
				ALWAYS_SEARCH_USER_PATHS = NO;
				CLANG_ANALYZER_NONNULL = YES;
				CLANG_ANALYZER_NUMBER_OBJECT_CONVERSION = YES_AGGRESSIVE;
				CLANG_CXX_LANGUAGE_STANDARD = "gnu++17";
				CLANG_CXX_LIBRARY = "libc++";
				CLANG_ENABLE_MODULES = YES;
				CLANG_ENABLE_OBJC_ARC = YES;
				CLANG_ENABLE_OBJC_WEAK = YES;
				CLANG_WARN_BLOCK_CAPTURE_AUTORELEASING = YES;
				CLANG_WARN_BOOL_CONVERSION = YES;
				CLANG_WARN_COMMA = YES;
				CLANG_WARN_CONSTANT_CONVERSION = YES;
				CLANG_WARN_DEPRECATED_OBJC_IMPLEMENTATIONS = YES;
				CLANG_WARN_DIRECT_OBJC_ISA_USAGE = YES_ERROR;
				CLANG_WARN_DOCUMENTATION_COMMENTS = YES;
				CLANG_WARN_EMPTY_BODY = YES;
				CLANG_WARN_ENUM_CONVERSION = YES;
				CLANG_WARN_INFINITE_RECURSION = YES;
				CLANG_WARN_INT_CONVERSION = YES;
				CLANG_WARN_NON_LITERAL_NULL_CONVERSION = YES;
				CLANG_WARN_OBJC_IMPLICIT_RETAIN_SELF = YES;
				CLANG_WARN_OBJC_LITERAL_CONVERSION = YES;
				CLANG_WARN_OBJC_ROOT_CLASS = YES_ERROR;
				CLANG_WARN_QUOTED_INCLUDE_IN_FRAMEWORK_HEADER = YES;
				CLANG_WARN_RANGE_LOOP_ANALYSIS = YES;
				CLANG_WARN_STRICT_PROTOTYPES = YES;
				CLANG_WARN_SUSPICIOUS_MOVE = YES;
				CLANG_WARN_UNGUARDED_AVAILABILITY = YES_AGGRESSIVE;
				CLANG_WARN_UNREACHABLE_CODE = YES;
				CLANG_WARN__DUPLICATE_METHOD_MATCH = YES;
				COPY_PHASE_STRIP = NO;
				DEBUG_INFORMATION_FORMAT = "dwarf-with-dsym";
				ENABLE_NS_ASSERTIONS = NO;
				ENABLE_STRICT_OBJC_MSGSEND = YES;
				GCC_C_LANGUAGE_STANDARD = gnu11;
				GCC_NO_COMMON_BLOCKS = YES;
				GCC_WARN_64_TO_32_BIT_CONVERSION = YES;
				GCC_WARN_ABOUT_RETURN_TYPE = YES_ERROR;
				GCC_WARN_UNDECLARED_SELECTOR = YES;
				GCC_WARN_UNINITIALIZED_AUTOS = YES_AGGRESSIVE;
				GCC_WARN_UNUSED_FUNCTION = YES;
				GCC_WARN_UNUSED_VARIABLE = YES;
				IPHONEOS_DEPLOYMENT_TARGET = 15.2;
				MTL_ENABLE_DEBUG_INFO = NO;
				MTL_FAST_MATH = YES;
				SDKROOT = iphoneos;
				SWIFT_COMPILATION_MODE = wholemodule;
				SWIFT_OPTIMIZATION_LEVEL = "-O";
				VALIDATE_PRODUCT = YES;
			};
			name = Release;
		};
		10F84A9727C12F900003EB29 /* Debug */ = {
			isa = XCBuildConfiguration;
			buildSettings = {
				ASSETCATALOG_COMPILER_APPICON_NAME = AppIcon;
				ASSETCATALOG_COMPILER_GLOBAL_ACCENT_COLOR_NAME = AccentColor;
				CODE_SIGN_STYLE = Automatic;
				CURRENT_PROJECT_VERSION = 1;
				GENERATE_INFOPLIST_FILE = YES;
				INFOPLIST_FILE = FindPicture/Info.plist;
				INFOPLIST_KEY_UIApplicationSupportsIndirectInputEvents = YES;
				INFOPLIST_KEY_UILaunchStoryboardName = LaunchScreen;
				INFOPLIST_KEY_UIMainStoryboardFile = Main;
				INFOPLIST_KEY_UISupportedInterfaceOrientations = UIInterfaceOrientationPortrait;
				INFOPLIST_KEY_UISupportedInterfaceOrientations_iPad = "UIInterfaceOrientationPortrait UIInterfaceOrientationPortraitUpsideDown UIInterfaceOrientationLandscapeLeft UIInterfaceOrientationLandscapeRight";
				INFOPLIST_KEY_UISupportedInterfaceOrientations_iPhone = "UIInterfaceOrientationPortrait UIInterfaceOrientationLandscapeLeft UIInterfaceOrientationLandscapeRight";
				LD_RUNPATH_SEARCH_PATHS = (
					"$(inherited)",
					"@executable_path/Frameworks",
				);
				MARKETING_VERSION = 1.0;
				PRODUCT_BUNDLE_IDENTIFIER = com.zakatiwana.traning.FindPicture;
				PRODUCT_NAME = "$(TARGET_NAME)";
				SWIFT_EMIT_LOC_STRINGS = YES;
				SWIFT_VERSION = 5.0;
				TARGETED_DEVICE_FAMILY = 1;
			};
			name = Debug;
		};
		10F84A9827C12F900003EB29 /* Release */ = {
			isa = XCBuildConfiguration;
			buildSettings = {
				ASSETCATALOG_COMPILER_APPICON_NAME = AppIcon;
				ASSETCATALOG_COMPILER_GLOBAL_ACCENT_COLOR_NAME = AccentColor;
				CODE_SIGN_STYLE = Automatic;
				CURRENT_PROJECT_VERSION = 1;
				GENERATE_INFOPLIST_FILE = YES;
				INFOPLIST_FILE = FindPicture/Info.plist;
				INFOPLIST_KEY_UIApplicationSupportsIndirectInputEvents = YES;
				INFOPLIST_KEY_UILaunchStoryboardName = LaunchScreen;
				INFOPLIST_KEY_UIMainStoryboardFile = Main;
				INFOPLIST_KEY_UISupportedInterfaceOrientations = UIInterfaceOrientationPortrait;
				INFOPLIST_KEY_UISupportedInterfaceOrientations_iPad = "UIInterfaceOrientationPortrait UIInterfaceOrientationPortraitUpsideDown UIInterfaceOrientationLandscapeLeft UIInterfaceOrientationLandscapeRight";
				INFOPLIST_KEY_UISupportedInterfaceOrientations_iPhone = "UIInterfaceOrientationPortrait UIInterfaceOrientationLandscapeLeft UIInterfaceOrientationLandscapeRight";
				LD_RUNPATH_SEARCH_PATHS = (
					"$(inherited)",
					"@executable_path/Frameworks",
				);
				MARKETING_VERSION = 1.0;
				PRODUCT_BUNDLE_IDENTIFIER = com.zakatiwana.traning.FindPicture;
				PRODUCT_NAME = "$(TARGET_NAME)";
				SWIFT_EMIT_LOC_STRINGS = YES;
				SWIFT_VERSION = 5.0;
				TARGETED_DEVICE_FAMILY = 1;
			};
			name = Release;
		};
/* End XCBuildConfiguration section */

/* Begin XCConfigurationList section */
		10F84A7D27C12F8E0003EB29 /* Build configuration list for PBXProject "FindPicture" */ = {
			isa = XCConfigurationList;
			buildConfigurations = (
				10F84A9427C12F900003EB29 /* Debug */,
				10F84A9527C12F900003EB29 /* Release */,
			);
			defaultConfigurationIsVisible = 0;
			defaultConfigurationName = Release;
		};
		10F84A9627C12F900003EB29 /* Build configuration list for PBXNativeTarget "FindPicture" */ = {
			isa = XCConfigurationList;
			buildConfigurations = (
				10F84A9727C12F900003EB29 /* Debug */,
				10F84A9827C12F900003EB29 /* Release */,
			);
			defaultConfigurationIsVisible = 0;
			defaultConfigurationName = Release;
		};
/* End XCConfigurationList section */
	};
	rootObject = 10F84A7A27C12F8E0003EB29 /* Project object */;
}
